
Microsoft Visual Studio Solution File, Format Version 12.00
# Visual Studio Version 16
VisualStudioVersion = 16.0.33423.256
MinimumVisualStudioVersion = 10.0.40219.1
Project("{FAE04EC0-301F-11D3-BF4B-00C04F79EFBC}") = "ApiYalex", "ApiYalex\ApiYalex.csproj", "{ABF4A378-BDBC-4E11-B860-E422EC78D17F}"
EndProject
Global
	GlobalSection(SolutionConfigurationPlatforms) = preSolution
		Debug|Any CPU = Debug|Any CPU
		Release|Any CPU = Release|Any CPU
	EndGlobalSection
	GlobalSection(ProjectConfigurationPlatforms) = postSolution
		{ABF4A378-BDBC-4E11-B860-E422EC78D17F}.Debug|Any CPU.ActiveCfg = Debug|Any CPU
		{ABF4A378-BDBC-4E11-B860-E422EC78D17F}.Debug|Any CPU.Build.0 = Debug|Any CPU
		{ABF4A378-BDBC-4E11-B860-E422EC78D17F}.Release|Any CPU.ActiveCfg = Release|Any CPU
		{ABF4A378-BDBC-4E11-B860-E422EC78D17F}.Release|Any CPU.Build.0 = Release|Any CPU
	EndGlobalSection
	GlobalSection(SolutionProperties) = preSolution
		HideSolutionNode = FALSE
	EndGlobalSection
	GlobalSection(ExtensibilityGlobals) = postSolution
		SolutionGuid = {5399E7C5-7C4E-449F-973B-3507DB8D96F4}
	EndGlobalSection
EndGlobal
